
Microsoft Visual Studio Solution File, Format Version 12.00
# Visual Studio Version 17
VisualStudioVersion = 17.7.34202.233
MinimumVisualStudioVersion = 10.0.40219.1
Project("{FAE04EC0-301F-11D3-BF4B-00C04F79EFBC}") = "net-il-mio-fotoalbum", "net-il-mio-fotoalbum\net-il-mio-fotoalbum.csproj", "{7E183423-445E-463F-AC7C-0648E61DDDDC}"
EndProject
Global
	GlobalSection(SolutionConfigurationPlatforms) = preSolution
		Debug|Any CPU = Debug|Any CPU
		Release|Any CPU = Release|Any CPU
	EndGlobalSection
	GlobalSection(ProjectConfigurationPlatforms) = postSolution
		{7E183423-445E-463F-AC7C-0648E61DDDDC}.Debug|Any CPU.ActiveCfg = Debug|Any CPU
		{7E183423-445E-463F-AC7C-0648E61DDDDC}.Debug|Any CPU.Build.0 = Debug|Any CPU
		{7E183423-445E-463F-AC7C-0648E61DDDDC}.Release|Any CPU.ActiveCfg = Release|Any CPU
		{7E183423-445E-463F-AC7C-0648E61DDDDC}.Release|Any CPU.Build.0 = Release|Any CPU
	EndGlobalSection
	GlobalSection(SolutionProperties) = preSolution
		HideSolutionNode = FALSE
	EndGlobalSection
	GlobalSection(ExtensibilityGlobals) = postSolution
		SolutionGuid = {E951FA12-B9F0-46EC-B757-7926B1654F0D}
	EndGlobalSection
EndGlobal
